
Microsoft Visual Studio Solution File, Format Version 12.00
# Visual Studio Version 17
VisualStudioVersion = 17.14.36717.8 d17.14
MinimumVisualStudioVersion = 10.0.40219.1
Project("{FAE04EC0-301F-11D3-BF4B-00C04F79EFBC}") = "TestFramework", "TestFramework.csproj", "{EADFC0E6-5351-4439-B777-EF1DF5FB5319}"
EndProject
Global
	GlobalSection(SolutionConfigurationPlatforms) = preSolution
		Debug|Any CPU = Debug|Any CPU
		Release|Any CPU = Release|Any CPU
	EndGlobalSection
	GlobalSection(ProjectConfigurationPlatforms) = postSolution
		{EADFC0E6-5351-4439-B777-EF1DF5FB5319}.Debug|Any CPU.ActiveCfg = Debug|Any CPU
		{EADFC0E6-5351-4439-B777-EF1DF5FB5319}.Debug|Any CPU.Build.0 = Debug|Any CPU
		{EADFC0E6-5351-4439-B777-EF1DF5FB5319}.Release|Any CPU.ActiveCfg = Release|Any CPU
		{EADFC0E6-5351-4439-B777-EF1DF5FB5319}.Release|Any CPU.Build.0 = Release|Any CPU
	EndGlobalSection
	GlobalSection(SolutionProperties) = preSolution
		HideSolutionNode = FALSE
	EndGlobalSection
	GlobalSection(ExtensibilityGlobals) = postSolution
		SolutionGuid = {2CFED4BC-4FE8-49D5-A84C-E4437E3AD24B}
	EndGlobalSection
EndGlobal
